
Microsoft Visual Studio Solution File, Format Version 12.00
# Visual Studio 15
VisualStudioVersion = 15.0.27703.2042
MinimumVisualStudioVersion = 10.0.40219.1
Project("{FAE04EC0-301F-11D3-BF4B-00C04F79EFBC}") = "Presentation_layer", "ASSIGNMENT_NV\Presentation_layer.csproj", "{D28E1607-1734-491C-BDE8-DFC9BC2D1DCE}"
EndProject
Project("{FAE04EC0-301F-11D3-BF4B-00C04F79EFBC}") = "BAL", "BAL\BAL.csproj", "{6DB7B061-49F7-4E6B-A65A-5DBF59C18573}"
EndProject
Project("{FAE04EC0-301F-11D3-BF4B-00C04F79EFBC}") = "DAL", "DAL\DAL.csproj", "{109ECB68-40E5-4181-AFEF-CBFC8C5347CF}"
EndProject
Project("{FAE04EC0-301F-11D3-BF4B-00C04F79EFBC}") = "Shared", "Shared\Shared.csproj", "{E1634C2E-1B2D-41A8-BFEC-9B3F30FDDFED}"
EndProject
Project("{FAE04EC0-301F-11D3-BF4B-00C04F79EFBC}") = "IOC", "IOC\IOC.csproj", "{B0D6F99D-A3E5-4830-88BD-C589869349C9}"
EndProject
Global
	GlobalSection(SolutionConfigurationPlatforms) = preSolution
		Debug|Any CPU = Debug|Any CPU
		Release|Any CPU = Release|Any CPU
	EndGlobalSection
	GlobalSection(ProjectConfigurationPlatforms) = postSolution
		{D28E1607-1734-491C-BDE8-DFC9BC2D1DCE}.Debug|Any CPU.ActiveCfg = Debug|Any CPU
		{D28E1607-1734-491C-BDE8-DFC9BC2D1DCE}.Debug|Any CPU.Build.0 = Debug|Any CPU
		{D28E1607-1734-491C-BDE8-DFC9BC2D1DCE}.Release|Any CPU.ActiveCfg = Release|Any CPU
		{D28E1607-1734-491C-BDE8-DFC9BC2D1DCE}.Release|Any CPU.Build.0 = Release|Any CPU
		{6DB7B061-49F7-4E6B-A65A-5DBF59C18573}.Debug|Any CPU.ActiveCfg = Debug|Any CPU
		{6DB7B061-49F7-4E6B-A65A-5DBF59C18573}.Debug|Any CPU.Build.0 = Debug|Any CPU
		{6DB7B061-49F7-4E6B-A65A-5DBF59C18573}.Release|Any CPU.ActiveCfg = Release|Any CPU
		{6DB7B061-49F7-4E6B-A65A-5DBF59C18573}.Release|Any CPU.Build.0 = Release|Any CPU
		{109ECB68-40E5-4181-AFEF-CBFC8C5347CF}.Debug|Any CPU.ActiveCfg = Debug|Any CPU
		{109ECB68-40E5-4181-AFEF-CBFC8C5347CF}.Debug|Any CPU.Build.0 = Debug|Any CPU
		{109ECB68-40E5-4181-AFEF-CBFC8C5347CF}.Release|Any CPU.ActiveCfg = Release|Any CPU
		{109ECB68-40E5-4181-AFEF-CBFC8C5347CF}.Release|Any CPU.Build.0 = Release|Any CPU
		{E1634C2E-1B2D-41A8-BFEC-9B3F30FDDFED}.Debug|Any CPU.ActiveCfg = Debug|Any CPU
		{E1634C2E-1B2D-41A8-BFEC-9B3F30FDDFED}.Debug|Any CPU.Build.0 = Debug|Any CPU
		{E1634C2E-1B2D-41A8-BFEC-9B3F30FDDFED}.Release|Any CPU.ActiveCfg = Release|Any CPU
		{E1634C2E-1B2D-41A8-BFEC-9B3F30FDDFED}.Release|Any CPU.Build.0 = Release|Any CPU
		{B0D6F99D-A3E5-4830-88BD-C589869349C9}.Debug|Any CPU.ActiveCfg = Debug|Any CPU
		{B0D6F99D-A3E5-4830-88BD-C589869349C9}.Debug|Any CPU.Build.0 = Debug|Any CPU
		{B0D6F99D-A3E5-4830-88BD-C589869349C9}.Release|Any CPU.ActiveCfg = Release|Any CPU
		{B0D6F99D-A3E5-4830-88BD-C589869349C9}.Release|Any CPU.Build.0 = Release|Any CPU
	EndGlobalSection
	GlobalSection(SolutionProperties) = preSolution
		HideSolutionNode = FALSE
	EndGlobalSection
	GlobalSection(ExtensibilityGlobals) = postSolution
		SolutionGuid = {EEDE4606-4F4B-496D-9E29-F2C00D552B90}
	EndGlobalSection
EndGlobal
